// !$*UTF8*$!
{
	archiveVersion = 1;
	classes = {
	};
	objectVersion = 77;
	objects = {

/* Begin PBXBuildFile section */
		632EEA042D0B6FA900D12320 /* ExploreViewModel.swift in Sources */ = {isa = PBXBuildFile; fileRef = 632EEA032D0B6FA200D12320 /* ExploreViewModel.swift */; };
		632EEA062D0B9A3600D12320 /* ExploreBottomToolbar.swift in Sources */ = {isa = PBXBuildFile; fileRef = 632EEA052D0B9A3600D12320 /* ExploreBottomToolbar.swift */; };
		632EEA092D0BA89B00D12320 /* EventFormViewModel.swift in Sources */ = {isa = PBXBuildFile; fileRef = 632EEA082D0BA89B00D12320 /* EventFormViewModel.swift */; };
		63339DCB2CFB8A93005302B8 /* EventListItem.swift in Sources */ = {isa = PBXBuildFile; fileRef = 63339DCA2CFB8A93005302B8 /* EventListItem.swift */; };
		63339DCE2CFB8DFC005302B8 /* Event.swift in Sources */ = {isa = PBXBuildFile; fileRef = 63339DCD2CFB8DF8005302B8 /* Event.swift */; };
		633688A82D0D6F030081CA81 /* Chip.swift in Sources */ = {isa = PBXBuildFile; fileRef = 633688A72D0D6F030081CA81 /* Chip.swift */; };
		633688AB2D0EED4C0081CA81 /* EventDetailViewModel.swift in Sources */ = {isa = PBXBuildFile; fileRef = 633688AA2D0EED4C0081CA81 /* EventDetailViewModel.swift */; };
		633688BA2D0F460E0081CA81 /* GroupsView.swift in Sources */ = {isa = PBXBuildFile; fileRef = 633688B92D0F460E0081CA81 /* GroupsView.swift */; };
		633688BC2D0F46C00081CA81 /* PrivateGroup.swift in Sources */ = {isa = PBXBuildFile; fileRef = 633688BB2D0F46BE0081CA81 /* PrivateGroup.swift */; };
		633688BE2D0F481A0081CA81 /* GroupsViewModel.swift in Sources */ = {isa = PBXBuildFile; fileRef = 633688BD2D0F481A0081CA81 /* GroupsViewModel.swift */; };
		633688C02D0F52DC0081CA81 /* GroupEventsView.swift in Sources */ = {isa = PBXBuildFile; fileRef = 633688BF2D0F52DC0081CA81 /* GroupEventsView.swift */; };
		633688C72D0F8A0E0081CA81 /* GroupFormView.swift in Sources */ = {isa = PBXBuildFile; fileRef = 633688C62D0F8A0E0081CA81 /* GroupFormView.swift */; };
		633688CC2D0F8F310081CA81 /* GroupDetailsView.swift in Sources */ = {isa = PBXBuildFile; fileRef = 633688CB2D0F8F310081CA81 /* GroupDetailsView.swift */; };
		633688CE2D0F90480081CA81 /* UserData.swift in Sources */ = {isa = PBXBuildFile; fileRef = 633688CD2D0F903E0081CA81 /* UserData.swift */; };
		633688D02D0F91AF0081CA81 /* GroupDetailsViewModel.swift in Sources */ = {isa = PBXBuildFile; fileRef = 633688CF2D0F91AF0081CA81 /* GroupDetailsViewModel.swift */; };
		633688D42D1041E40081CA81 /* GroupFormViewModel.swift in Sources */ = {isa = PBXBuildFile; fileRef = 633688D32D1041E40081CA81 /* GroupFormViewModel.swift */; };
		633688E32D10F14F0081CA81 /* MyAccountView.swift in Sources */ = {isa = PBXBuildFile; fileRef = 633688E22D10F14F0081CA81 /* MyAccountView.swift */; };
		633688E72D10FB310081CA81 /* UserDataFormView.swift in Sources */ = {isa = PBXBuildFile; fileRef = 633688E62D10FB310081CA81 /* UserDataFormView.swift */; };
		633688E92D1103FD0081CA81 /* UserDataFormViewModel.swift in Sources */ = {isa = PBXBuildFile; fileRef = 633688E82D1103FD0081CA81 /* UserDataFormViewModel.swift */; };
		636E0ECB2CFE2061005F6779 /* ExploreNavigationBar.swift in Sources */ = {isa = PBXBuildFile; fileRef = 636E0ECA2CFE205D005F6779 /* ExploreNavigationBar.swift */; };
		637349372D0C5756000FD3FE /* ExploreFiltersView.swift in Sources */ = {isa = PBXBuildFile; fileRef = 637349362D0C5756000FD3FE /* ExploreFiltersView.swift */; };
		6373493C2D0C67D8000FD3FE /* CategoryRow.swift in Sources */ = {isa = PBXBuildFile; fileRef = 6373493B2D0C67D8000FD3FE /* CategoryRow.swift */; };
		639B55882CEA8C470062F7CC /* Preview Assets.xcassets in Resources */ = {isa = PBXBuildFile; fileRef = 639B55812CEA8C470062F7CC /* Preview Assets.xcassets */; };
		639B55892CEA8C470062F7CC /* Assets.xcassets in Resources */ = {isa = PBXBuildFile; fileRef = 639B55832CEA8C470062F7CC /* Assets.xcassets */; };
		639B558A2CEA8C470062F7CC /* GoogleService-Info.plist in Resources */ = {isa = PBXBuildFile; fileRef = 639B55862CEA8C470062F7CC /* GoogleService-Info.plist */; };
		639B558B2CEA8C470062F7CC /* ContentView.swift in Sources */ = {isa = PBXBuildFile; fileRef = 639B55842CEA8C470062F7CC /* ContentView.swift */; };
		639B558C2CEA8C470062F7CC /* EventualmenteApp.swift in Sources */ = {isa = PBXBuildFile; fileRef = 639B55852CEA8C470062F7CC /* EventualmenteApp.swift */; };
		63AB4BCC2CF0F48800CD923C /* String+Extension.swift in Sources */ = {isa = PBXBuildFile; fileRef = 63AB4BCB2CF0F48800CD923C /* String+Extension.swift */; };
		63AB4BCF2CF0FC8F00CD923C /* CustomButtons.swift in Sources */ = {isa = PBXBuildFile; fileRef = 63AB4BCE2CF0FC8F00CD923C /* CustomButtons.swift */; };
		63AB4BD12CF3184D00CD923C /* FieldModifier.swift in Sources */ = {isa = PBXBuildFile; fileRef = 63AB4BD02CF3184D00CD923C /* FieldModifier.swift */; };
		63AB4BD32CF31F2900CD923C /* ErrorMessage.swift in Sources */ = {isa = PBXBuildFile; fileRef = 63AB4BD22CF31F2900CD923C /* ErrorMessage.swift */; };
		63AB4BD62CF327EE00CD923C /* AuthenticationViewModel.swift in Sources */ = {isa = PBXBuildFile; fileRef = 63AB4BD52CF327EE00CD923C /* AuthenticationViewModel.swift */; };
		63AB4BD82CF32E0500CD923C /* Logger+Extension.swift in Sources */ = {isa = PBXBuildFile; fileRef = 63AB4BD72CF32DFC00CD923C /* Logger+Extension.swift */; };
		63AB4BDC2CF390DD00CD923C /* AppModel.swift in Sources */ = {isa = PBXBuildFile; fileRef = 63AB4BDB2CF390DB00CD923C /* AppModel.swift */; };
		63B8725B2CFFBEDB003A6906 /* NoResults.swift in Sources */ = {isa = PBXBuildFile; fileRef = 63B8725A2CFFBEDB003A6906 /* NoResults.swift */; };
		63BE7DFF2D118B45006557DF /* ListRowWithButton.swift in Sources */ = {isa = PBXBuildFile; fileRef = 63BE7DFE2D118B45006557DF /* ListRowWithButton.swift */; };
		63CE8B362CE53E630089BC39 /* FirebaseAuth in Frameworks */ = {isa = PBXBuildFile; productRef = 63CE8B352CE53E630089BC39 /* FirebaseAuth */; };
		63CE8B382CE53E630089BC39 /* FirebaseFirestore in Frameworks */ = {isa = PBXBuildFile; productRef = 63CE8B372CE53E630089BC39 /* FirebaseFirestore */; };
		63DDB94B2D08405C00C9189E /* EventFormView.swift in Sources */ = {isa = PBXBuildFile; fileRef = 63DDB9472D08405C00C9189E /* EventFormView.swift */; };
		63DDB94C2D08405C00C9189E /* EventDetailView.swift in Sources */ = {isa = PBXBuildFile; fileRef = 63DDB9482D08405C00C9189E /* EventDetailView.swift */; };
		63DDB94D2D08405C00C9189E /* ExploreView.swift in Sources */ = {isa = PBXBuildFile; fileRef = 63DDB9492D08405C00C9189E /* ExploreView.swift */; };
		63DDB94E2D08405C00C9189E /* AuthenticationView.swift in Sources */ = {isa = PBXBuildFile; fileRef = 63DDB9462D08405C00C9189E /* AuthenticationView.swift */; };
		63DDB9562D084AF700C9189E /* CalendarView in Frameworks */ = {isa = PBXBuildFile; productRef = 63DDB9552D084AF700C9189E /* CalendarView */; };
		63DDB9582D0A514E00C9189E /* Date+Extension.swift in Sources */ = {isa = PBXBuildFile; fileRef = 63DDB9572D0A514800C9189E /* Date+Extension.swift */; };
		63EA4E782CFC96DF00E9842A /* Category.swift in Sources */ = {isa = PBXBuildFile; fileRef = 63EA4E772CFC96DF00E9842A /* Category.swift */; };
		63EAFD6C2CED33EF006349CB /* AveriaSansLibre-Bold.ttf in Resources */ = {isa = PBXBuildFile; fileRef = 63EAFD692CED33EF006349CB /* AveriaSansLibre-Bold.ttf */; };
		63EAFD6D2CED33EF006349CB /* AveriaSansLibre-Light.ttf in Resources */ = {isa = PBXBuildFile; fileRef = 63EAFD6A2CED33EF006349CB /* AveriaSansLibre-Light.ttf */; };
		63EAFD6E2CED33EF006349CB /* AveriaSansLibre-Regular.ttf in Resources */ = {isa = PBXBuildFile; fileRef = 63EAFD6B2CED33EF006349CB /* AveriaSansLibre-Regular.ttf */; };
		63EAFD712CED3D5D006349CB /* Font+Extensions.swift in Sources */ = {isa = PBXBuildFile; fileRef = 63EAFD702CED3D54006349CB /* Font+Extensions.swift */; };
/* End PBXBuildFile section */

/* Begin PBXContainerItemProxy section */
		63394DD62CB5E100005517E8 /* PBXContainerItemProxy */ = {
			isa = PBXContainerItemProxy;
			containerPortal = 63394DBD2CB5E0FE005517E8 /* Project object */;
			proxyType = 1;
			remoteGlobalIDString = 63394DC42CB5E0FE005517E8;
			remoteInfo = Eventualmente;
		};
		63394DE02CB5E100005517E8 /* PBXContainerItemProxy */ = {
			isa = PBXContainerItemProxy;
			containerPortal = 63394DBD2CB5E0FE005517E8 /* Project object */;
			proxyType = 1;
			remoteGlobalIDString = 63394DC42CB5E0FE005517E8;
			remoteInfo = Eventualmente;
		};
/* End PBXContainerItemProxy section */

/* Begin PBXFileReference section */
		632EEA032D0B6FA200D12320 /* ExploreViewModel.swift */ = {isa = PBXFileReference; lastKnownFileType = sourcecode.swift; path = ExploreViewModel.swift; sourceTree = "<group>"; };
		632EEA052D0B9A3600D12320 /* ExploreBottomToolbar.swift */ = {isa = PBXFileReference; lastKnownFileType = sourcecode.swift; path = ExploreBottomToolbar.swift; sourceTree = "<group>"; };
		632EEA082D0BA89B00D12320 /* EventFormViewModel.swift */ = {isa = PBXFileReference; lastKnownFileType = sourcecode.swift; path = EventFormViewModel.swift; sourceTree = "<group>"; };
		63339DCA2CFB8A93005302B8 /* EventListItem.swift */ = {isa = PBXFileReference; lastKnownFileType = sourcecode.swift; path = EventListItem.swift; sourceTree = "<group>"; };
		63339DCD2CFB8DF8005302B8 /* Event.swift */ = {isa = PBXFileReference; lastKnownFileType = sourcecode.swift; path = Event.swift; sourceTree = "<group>"; };
		633688A72D0D6F030081CA81 /* Chip.swift */ = {isa = PBXFileReference; lastKnownFileType = sourcecode.swift; path = Chip.swift; sourceTree = "<group>"; };
		633688AA2D0EED4C0081CA81 /* EventDetailViewModel.swift */ = {isa = PBXFileReference; lastKnownFileType = sourcecode.swift; path = EventDetailViewModel.swift; sourceTree = "<group>"; };
		633688B92D0F460E0081CA81 /* GroupsView.swift */ = {isa = PBXFileReference; lastKnownFileType = sourcecode.swift; path = GroupsView.swift; sourceTree = "<group>"; };
		633688BB2D0F46BE0081CA81 /* PrivateGroup.swift */ = {isa = PBXFileReference; lastKnownFileType = sourcecode.swift; path = PrivateGroup.swift; sourceTree = "<group>"; };
		633688BD2D0F481A0081CA81 /* GroupsViewModel.swift */ = {isa = PBXFileReference; lastKnownFileType = sourcecode.swift; path = GroupsViewModel.swift; sourceTree = "<group>"; };
		633688BF2D0F52DC0081CA81 /* GroupEventsView.swift */ = {isa = PBXFileReference; lastKnownFileType = sourcecode.swift; path = GroupEventsView.swift; sourceTree = "<group>"; };
		633688C62D0F8A0E0081CA81 /* GroupFormView.swift */ = {isa = PBXFileReference; lastKnownFileType = sourcecode.swift; path = GroupFormView.swift; sourceTree = "<group>"; };
		633688CB2D0F8F310081CA81 /* GroupDetailsView.swift */ = {isa = PBXFileReference; lastKnownFileType = sourcecode.swift; path = GroupDetailsView.swift; sourceTree = "<group>"; };
		633688CD2D0F903E0081CA81 /* UserData.swift */ = {isa = PBXFileReference; lastKnownFileType = sourcecode.swift; path = UserData.swift; sourceTree = "<group>"; };
		633688CF2D0F91AF0081CA81 /* GroupDetailsViewModel.swift */ = {isa = PBXFileReference; lastKnownFileType = sourcecode.swift; path = GroupDetailsViewModel.swift; sourceTree = "<group>"; };
		633688D32D1041E40081CA81 /* GroupFormViewModel.swift */ = {isa = PBXFileReference; lastKnownFileType = sourcecode.swift; path = GroupFormViewModel.swift; sourceTree = "<group>"; };
		633688E22D10F14F0081CA81 /* MyAccountView.swift */ = {isa = PBXFileReference; lastKnownFileType = sourcecode.swift; path = MyAccountView.swift; sourceTree = "<group>"; };
		633688E62D10FB310081CA81 /* UserDataFormView.swift */ = {isa = PBXFileReference; lastKnownFileType = sourcecode.swift; path = UserDataFormView.swift; sourceTree = "<group>"; };
		633688E82D1103FD0081CA81 /* UserDataFormViewModel.swift */ = {isa = PBXFileReference; lastKnownFileType = sourcecode.swift; path = UserDataFormViewModel.swift; sourceTree = "<group>"; };
		63394DC52CB5E0FE005517E8 /* Eventualmente.app */ = {isa = PBXFileReference; explicitFileType = wrapper.application; includeInIndex = 0; path = Eventualmente.app; sourceTree = BUILT_PRODUCTS_DIR; };
		63394DD52CB5E100005517E8 /* EventualmenteTests.xctest */ = {isa = PBXFileReference; explicitFileType = wrapper.cfbundle; includeInIndex = 0; path = EventualmenteTests.xctest; sourceTree = BUILT_PRODUCTS_DIR; };
		63394DDF2CB5E100005517E8 /* EventualmenteUITests.xctest */ = {isa = PBXFileReference; explicitFileType = wrapper.cfbundle; includeInIndex = 0; path = EventualmenteUITests.xctest; sourceTree = BUILT_PRODUCTS_DIR; };
		636E0ECA2CFE205D005F6779 /* ExploreNavigationBar.swift */ = {isa = PBXFileReference; lastKnownFileType = sourcecode.swift; path = ExploreNavigationBar.swift; sourceTree = "<group>"; };
		637349362D0C5756000FD3FE /* ExploreFiltersView.swift */ = {isa = PBXFileReference; lastKnownFileType = sourcecode.swift; path = ExploreFiltersView.swift; sourceTree = "<group>"; };
		6373493B2D0C67D8000FD3FE /* CategoryRow.swift */ = {isa = PBXFileReference; lastKnownFileType = sourcecode.swift; path = CategoryRow.swift; sourceTree = "<group>"; };
		639B55812CEA8C470062F7CC /* Preview Assets.xcassets */ = {isa = PBXFileReference; lastKnownFileType = folder.assetcatalog; path = "Preview Assets.xcassets"; sourceTree = "<group>"; };
		639B55832CEA8C470062F7CC /* Assets.xcassets */ = {isa = PBXFileReference; lastKnownFileType = folder.assetcatalog; path = Assets.xcassets; sourceTree = "<group>"; };
		639B55842CEA8C470062F7CC /* ContentView.swift */ = {isa = PBXFileReference; lastKnownFileType = sourcecode.swift; path = ContentView.swift; sourceTree = "<group>"; };
		639B55852CEA8C470062F7CC /* EventualmenteApp.swift */ = {isa = PBXFileReference; lastKnownFileType = sourcecode.swift; path = EventualmenteApp.swift; sourceTree = "<group>"; };
		639B55862CEA8C470062F7CC /* GoogleService-Info.plist */ = {isa = PBXFileReference; lastKnownFileType = text.plist.xml; path = "GoogleService-Info.plist"; sourceTree = "<group>"; };
		63AB4BCB2CF0F48800CD923C /* String+Extension.swift */ = {isa = PBXFileReference; lastKnownFileType = sourcecode.swift; path = "String+Extension.swift"; sourceTree = "<group>"; };
		63AB4BCE2CF0FC8F00CD923C /* CustomButtons.swift */ = {isa = PBXFileReference; lastKnownFileType = sourcecode.swift; path = CustomButtons.swift; sourceTree = "<group>"; };
		63AB4BD02CF3184D00CD923C /* FieldModifier.swift */ = {isa = PBXFileReference; lastKnownFileType = sourcecode.swift; path = FieldModifier.swift; sourceTree = "<group>"; };
		63AB4BD22CF31F2900CD923C /* ErrorMessage.swift */ = {isa = PBXFileReference; lastKnownFileType = sourcecode.swift; path = ErrorMessage.swift; sourceTree = "<group>"; };
		63AB4BD52CF327EE00CD923C /* AuthenticationViewModel.swift */ = {isa = PBXFileReference; lastKnownFileType = sourcecode.swift; path = AuthenticationViewModel.swift; sourceTree = "<group>"; };
		63AB4BD72CF32DFC00CD923C /* Logger+Extension.swift */ = {isa = PBXFileReference; lastKnownFileType = sourcecode.swift; path = "Logger+Extension.swift"; sourceTree = "<group>"; };
		63AB4BDB2CF390DB00CD923C /* AppModel.swift */ = {isa = PBXFileReference; lastKnownFileType = sourcecode.swift; path = AppModel.swift; sourceTree = "<group>"; };
		63B8725A2CFFBEDB003A6906 /* NoResults.swift */ = {isa = PBXFileReference; lastKnownFileType = sourcecode.swift; path = NoResults.swift; sourceTree = "<group>"; };
		63BE7DFE2D118B45006557DF /* ListRowWithButton.swift */ = {isa = PBXFileReference; lastKnownFileType = sourcecode.swift; path = ListRowWithButton.swift; sourceTree = "<group>"; };
		63DDB9462D08405C00C9189E /* AuthenticationView.swift */ = {isa = PBXFileReference; lastKnownFileType = sourcecode.swift; path = AuthenticationView.swift; sourceTree = "<group>"; };
		63DDB9472D08405C00C9189E /* EventFormView.swift */ = {isa = PBXFileReference; lastKnownFileType = sourcecode.swift; path = EventFormView.swift; sourceTree = "<group>"; };
		63DDB9482D08405C00C9189E /* EventDetailView.swift */ = {isa = PBXFileReference; lastKnownFileType = sourcecode.swift; path = EventDetailView.swift; sourceTree = "<group>"; };
		63DDB9492D08405C00C9189E /* ExploreView.swift */ = {isa = PBXFileReference; lastKnownFileType = sourcecode.swift; path = ExploreView.swift; sourceTree = "<group>"; };
		63DDB9572D0A514800C9189E /* Date+Extension.swift */ = {isa = PBXFileReference; lastKnownFileType = sourcecode.swift; path = "Date+Extension.swift"; sourceTree = "<group>"; };
		63EA4E772CFC96DF00E9842A /* Category.swift */ = {isa = PBXFileReference; lastKnownFileType = sourcecode.swift; path = Category.swift; sourceTree = "<group>"; };
		63EAFD692CED33EF006349CB /* AveriaSansLibre-Bold.ttf */ = {isa = PBXFileReference; lastKnownFileType = file; path = "AveriaSansLibre-Bold.ttf"; sourceTree = "<group>"; };
		63EAFD6A2CED33EF006349CB /* AveriaSansLibre-Light.ttf */ = {isa = PBXFileReference; lastKnownFileType = file; path = "AveriaSansLibre-Light.ttf"; sourceTree = "<group>"; };
		63EAFD6B2CED33EF006349CB /* AveriaSansLibre-Regular.ttf */ = {isa = PBXFileReference; lastKnownFileType = file; path = "AveriaSansLibre-Regular.ttf"; sourceTree = "<group>"; };
		63EAFD6F2CED356C006349CB /* Info.plist */ = {isa = PBXFileReference; lastKnownFileType = text.plist.xml; path = Info.plist; sourceTree = "<group>"; };
		63EAFD702CED3D54006349CB /* Font+Extensions.swift */ = {isa = PBXFileReference; lastKnownFileType = sourcecode.swift; path = "Font+Extensions.swift"; sourceTree = "<group>"; };
/* End PBXFileReference section */

/* Begin PBXFileSystemSynchronizedRootGroup section */
		63394DD82CB5E100005517E8 /* EventualmenteTests */ = {
			isa = PBXFileSystemSynchronizedRootGroup;
			path = EventualmenteTests;
			sourceTree = "<group>";
		};
		63394DE22CB5E100005517E8 /* EventualmenteUITests */ = {
			isa = PBXFileSystemSynchronizedRootGroup;
			path = EventualmenteUITests;
			sourceTree = "<group>";
		};
/* End PBXFileSystemSynchronizedRootGroup section */

/* Begin PBXFrameworksBuildPhase section */
		63394DC22CB5E0FE005517E8 /* Frameworks */ = {
			isa = PBXFrameworksBuildPhase;
			buildActionMask = 2147483647;
			files = (
				63CE8B362CE53E630089BC39 /* FirebaseAuth in Frameworks */,
				63DDB9562D084AF700C9189E /* CalendarView in Frameworks */,
				63CE8B382CE53E630089BC39 /* FirebaseFirestore in Frameworks */,
			);
			runOnlyForDeploymentPostprocessing = 0;
		};
		63394DD22CB5E100005517E8 /* Frameworks */ = {
			isa = PBXFrameworksBuildPhase;
			buildActionMask = 2147483647;
			files = (
			);
			runOnlyForDeploymentPostprocessing = 0;
		};
		63394DDC2CB5E100005517E8 /* Frameworks */ = {
			isa = PBXFrameworksBuildPhase;
			buildActionMask = 2147483647;
			files = (
			);
			runOnlyForDeploymentPostprocessing = 0;
		};
/* End PBXFrameworksBuildPhase section */

/* Begin PBXGroup section */
		632EEA072D0BA85E00D12320 /* EventForm */ = {
			isa = PBXGroup;
			children = (
				63DDB9472D08405C00C9189E /* EventFormView.swift */,
				632EEA082D0BA89B00D12320 /* EventFormViewModel.swift */,
			);
			path = EventForm;
			sourceTree = "<group>";
		};
		63339DCC2CFB8DED005302B8 /* Model */ = {
			isa = PBXGroup;
			children = (
				633688CD2D0F903E0081CA81 /* UserData.swift */,
				633688BB2D0F46BE0081CA81 /* PrivateGroup.swift */,
				63339DCD2CFB8DF8005302B8 /* Event.swift */,
				63EA4E772CFC96DF00E9842A /* Category.swift */,
			);
			path = Model;
			sourceTree = "<group>";
		};
		633688A92D0EED0D0081CA81 /* EventDetail */ = {
			isa = PBXGroup;
			children = (
				63DDB9482D08405C00C9189E /* EventDetailView.swift */,
				633688AA2D0EED4C0081CA81 /* EventDetailViewModel.swift */,
			);
			path = EventDetail;
			sourceTree = "<group>";
		};
		633688B82D0F45E30081CA81 /* Groups */ = {
			isa = PBXGroup;
			children = (
				633688B92D0F460E0081CA81 /* GroupsView.swift */,
				633688BD2D0F481A0081CA81 /* GroupsViewModel.swift */,
				633688BF2D0F52DC0081CA81 /* GroupEventsView.swift */,
				633688D22D1041CA0081CA81 /* GroupForm */,
				633688D12D0FA3960081CA81 /* GroupDetails */,
			);
			path = Groups;
			sourceTree = "<group>";
		};
		633688D12D0FA3960081CA81 /* GroupDetails */ = {
			isa = PBXGroup;
			children = (
				633688CB2D0F8F310081CA81 /* GroupDetailsView.swift */,
				633688CF2D0F91AF0081CA81 /* GroupDetailsViewModel.swift */,
			);
			path = GroupDetails;
			sourceTree = "<group>";
		};
		633688D22D1041CA0081CA81 /* GroupForm */ = {
			isa = PBXGroup;
			children = (
				633688C62D0F8A0E0081CA81 /* GroupFormView.swift */,
				633688D32D1041E40081CA81 /* GroupFormViewModel.swift */,
			);
			path = GroupForm;
			sourceTree = "<group>";
		};
		633688E12D10F1340081CA81 /* MyAccount */ = {
			isa = PBXGroup;
			children = (
				633688E22D10F14F0081CA81 /* MyAccountView.swift */,
				633688E62D10FB310081CA81 /* UserDataFormView.swift */,
				633688E82D1103FD0081CA81 /* UserDataFormViewModel.swift */,
			);
			path = MyAccount;
			sourceTree = "<group>";
		};
		63394DBC2CB5E0FE005517E8 = {
			isa = PBXGroup;
			children = (
				639B55872CEA8C470062F7CC /* Eventualmente */,
				63394DD82CB5E100005517E8 /* EventualmenteTests */,
				63394DE22CB5E100005517E8 /* EventualmenteUITests */,
				63DDB9542D084AF700C9189E /* Frameworks */,
				63394DC62CB5E0FE005517E8 /* Products */,
			);
			sourceTree = "<group>";
		};
		63394DC62CB5E0FE005517E8 /* Products */ = {
			isa = PBXGroup;
			children = (
				63394DC52CB5E0FE005517E8 /* Eventualmente.app */,
				63394DD52CB5E100005517E8 /* EventualmenteTests.xctest */,
				63394DDF2CB5E100005517E8 /* EventualmenteUITests.xctest */,
			);
			name = Products;
			sourceTree = "<group>";
		};
		637349382D0C5873000FD3FE /* FilterEvents */ = {
			isa = PBXGroup;
			children = (
				637349362D0C5756000FD3FE /* ExploreFiltersView.swift */,
				6373493B2D0C67D8000FD3FE /* CategoryRow.swift */,
			);
			path = FilterEvents;
			sourceTree = "<group>";
		};
		639B55822CEA8C470062F7CC /* Preview Content */ = {
			isa = PBXGroup;
			children = (
				639B55812CEA8C470062F7CC /* Preview Assets.xcassets */,
			);
			path = "Preview Content";
			sourceTree = "<group>";
		};
		639B55872CEA8C470062F7CC /* Eventualmente */ = {
			isa = PBXGroup;
			children = (
				639B55852CEA8C470062F7CC /* EventualmenteApp.swift */,
				63AB4BDB2CF390DB00CD923C /* AppModel.swift */,
				639B55842CEA8C470062F7CC /* ContentView.swift */,
				63339DCC2CFB8DED005302B8 /* Model */,
				63DDB94A2D08405C00C9189E /* Presentation */,
				63AB4BCD2CF0FC6900CD923C /* DesignComponents */,
				639B55832CEA8C470062F7CC /* Assets.xcassets */,
				63AB4BCA2CF0F47600CD923C /* Utils */,
				63EAFD682CED33CA006349CB /* Fonts */,
				639B55862CEA8C470062F7CC /* GoogleService-Info.plist */,
				63EAFD6F2CED356C006349CB /* Info.plist */,
				639B55822CEA8C470062F7CC /* Preview Content */,
			);
			path = Eventualmente;
			sourceTree = "<group>";
		};
		63AB4BCA2CF0F47600CD923C /* Utils */ = {
			isa = PBXGroup;
			children = (
				63DDB9572D0A514800C9189E /* Date+Extension.swift */,
				63AB4BD72CF32DFC00CD923C /* Logger+Extension.swift */,
				63AB4BCB2CF0F48800CD923C /* String+Extension.swift */,
			);
			path = Utils;
			sourceTree = "<group>";
		};
		63AB4BCD2CF0FC6900CD923C /* DesignComponents */ = {
			isa = PBXGroup;
			children = (
				63AB4BD02CF3184D00CD923C /* FieldModifier.swift */,
				63AB4BCE2CF0FC8F00CD923C /* CustomButtons.swift */,
				63AB4BD22CF31F2900CD923C /* ErrorMessage.swift */,
				63339DCA2CFB8A93005302B8 /* EventListItem.swift */,
				63B8725A2CFFBEDB003A6906 /* NoResults.swift */,
				633688A72D0D6F030081CA81 /* Chip.swift */,
				63BE7DFE2D118B45006557DF /* ListRowWithButton.swift */,
			);
			path = DesignComponents;
			sourceTree = "<group>";
		};
		63DDB94A2D08405C00C9189E /* Presentation */ = {
			isa = PBXGroup;
			children = (
				63DDB94F2D08407E00C9189E /* Authenticaction */,
				63DDB9502D08409100C9189E /* Explore */,
				633688A92D0EED0D0081CA81 /* EventDetail */,
				632EEA072D0BA85E00D12320 /* EventForm */,
				633688B82D0F45E30081CA81 /* Groups */,
				633688E12D10F1340081CA81 /* MyAccount */,
			);
			name = Presentation;
			path = Eventualmente/Presentation;
			sourceTree = SOURCE_ROOT;
		};
		63DDB94F2D08407E00C9189E /* Authenticaction */ = {
			isa = PBXGroup;
			children = (
				63DDB9462D08405C00C9189E /* AuthenticationView.swift */,
				63AB4BD52CF327EE00CD923C /* AuthenticationViewModel.swift */,
			);
			path = Authenticaction;
			sourceTree = "<group>";
		};
		63DDB9502D08409100C9189E /* Explore */ = {
			isa = PBXGroup;
			children = (
				63DDB9492D08405C00C9189E /* ExploreView.swift */,
				632EEA032D0B6FA200D12320 /* ExploreViewModel.swift */,
				636E0ECA2CFE205D005F6779 /* ExploreNavigationBar.swift */,
				632EEA052D0B9A3600D12320 /* ExploreBottomToolbar.swift */,
				637349382D0C5873000FD3FE /* FilterEvents */,
			);
			path = Explore;
			sourceTree = "<group>";
		};
		63DDB9542D084AF700C9189E /* Frameworks */ = {
			isa = PBXGroup;
			children = (
			);
			name = Frameworks;
			sourceTree = "<group>";
		};
		63EAFD682CED33CA006349CB /* Fonts */ = {
			isa = PBXGroup;
			children = (
				63EAFD702CED3D54006349CB /* Font+Extensions.swift */,
				63EAFD692CED33EF006349CB /* AveriaSansLibre-Bold.ttf */,
				63EAFD6A2CED33EF006349CB /* AveriaSansLibre-Light.ttf */,
				63EAFD6B2CED33EF006349CB /* AveriaSansLibre-Regular.ttf */,
			);
			path = Fonts;
			sourceTree = "<group>";
		};
/* End PBXGroup section */

/* Begin PBXNativeTarget section */
		63394DC42CB5E0FE005517E8 /* Eventualmente */ = {
			isa = PBXNativeTarget;
			buildConfigurationList = 63394DE92CB5E100005517E8 /* Build configuration list for PBXNativeTarget "Eventualmente" */;
			buildPhases = (
				63394DC12CB5E0FE005517E8 /* Sources */,
				63394DC22CB5E0FE005517E8 /* Frameworks */,
				63394DC32CB5E0FE005517E8 /* Resources */,
				639B55B32CEAA5EF0062F7CC /* ShellScript */,
			);
			buildRules = (
			);
			dependencies = (
			);
			name = Eventualmente;
			packageProductDependencies = (
				63CE8B352CE53E630089BC39 /* FirebaseAuth */,
				63CE8B372CE53E630089BC39 /* FirebaseFirestore */,
				63DDB9552D084AF700C9189E /* CalendarView */,
			);
			productName = Eventualmente;
			productReference = 63394DC52CB5E0FE005517E8 /* Eventualmente.app */;
			productType = "com.apple.product-type.application";
		};
		63394DD42CB5E100005517E8 /* EventualmenteTests */ = {
			isa = PBXNativeTarget;
			buildConfigurationList = 63394DEC2CB5E100005517E8 /* Build configuration list for PBXNativeTarget "EventualmenteTests" */;
			buildPhases = (
				63394DD12CB5E100005517E8 /* Sources */,
				63394DD22CB5E100005517E8 /* Frameworks */,
				63394DD32CB5E100005517E8 /* Resources */,
			);
			buildRules = (
			);
			dependencies = (
				63394DD72CB5E100005517E8 /* PBXTargetDependency */,
			);
			fileSystemSynchronizedGroups = (
				63394DD82CB5E100005517E8 /* EventualmenteTests */,
			);
			name = EventualmenteTests;
			packageProductDependencies = (
			);
			productName = EventualmenteTests;
			productReference = 63394DD52CB5E100005517E8 /* EventualmenteTests.xctest */;
			productType = "com.apple.product-type.bundle.unit-test";
		};
		63394DDE2CB5E100005517E8 /* EventualmenteUITests */ = {
			isa = PBXNativeTarget;
			buildConfigurationList = 63394DEF2CB5E100005517E8 /* Build configuration list for PBXNativeTarget "EventualmenteUITests" */;
			buildPhases = (
				63394DDB2CB5E100005517E8 /* Sources */,
				63394DDC2CB5E100005517E8 /* Frameworks */,
				63394DDD2CB5E100005517E8 /* Resources */,
			);
			buildRules = (
			);
			dependencies = (
				63394DE12CB5E100005517E8 /* PBXTargetDependency */,
			);
			fileSystemSynchronizedGroups = (
				63394DE22CB5E100005517E8 /* EventualmenteUITests */,
			);
			name = EventualmenteUITests;
			packageProductDependencies = (
			);
			productName = EventualmenteUITests;
			productReference = 63394DDF2CB5E100005517E8 /* EventualmenteUITests.xctest */;
			productType = "com.apple.product-type.bundle.ui-testing";
		};
/* End PBXNativeTarget section */

/* Begin PBXProject section */
		63394DBD2CB5E0FE005517E8 /* Project object */ = {
			isa = PBXProject;
			attributes = {
				BuildIndependentTargetsInParallel = 1;
				LastSwiftUpdateCheck = 1600;
				LastUpgradeCheck = 1600;
				TargetAttributes = {
					63394DC42CB5E0FE005517E8 = {
						CreatedOnToolsVersion = 16.0;
					};
					63394DD42CB5E100005517E8 = {
						CreatedOnToolsVersion = 16.0;
						TestTargetID = 63394DC42CB5E0FE005517E8;
					};
					63394DDE2CB5E100005517E8 = {
						CreatedOnToolsVersion = 16.0;
						TestTargetID = 63394DC42CB5E0FE005517E8;
					};
				};
			};
			buildConfigurationList = 63394DC02CB5E0FE005517E8 /* Build configuration list for PBXProject "Eventualmente" */;
			developmentRegion = es;
			hasScannedForEncodings = 0;
			knownRegions = (
				Base,
				es,
			);
			mainGroup = 63394DBC2CB5E0FE005517E8;
			minimizedProjectReferenceProxies = 1;
			packageReferences = (
				63CE8B322CE53E630089BC39 /* XCRemoteSwiftPackageReference "firebase-ios-sdk" */,
				63DDB9532D084A1300C9189E /* XCRemoteSwiftPackageReference "CalendarView" */,
			);
			preferredProjectObjectVersion = 77;
			productRefGroup = 63394DC62CB5E0FE005517E8 /* Products */;
			projectDirPath = "";
			projectRoot = "";
			targets = (
				63394DC42CB5E0FE005517E8 /* Eventualmente */,
				63394DD42CB5E100005517E8 /* EventualmenteTests */,
				63394DDE2CB5E100005517E8 /* EventualmenteUITests */,
			);
		};
/* End PBXProject section */

/* Begin PBXResourcesBuildPhase section */
		63394DC32CB5E0FE005517E8 /* Resources */ = {
			isa = PBXResourcesBuildPhase;
			buildActionMask = 2147483647;
			files = (
				639B55882CEA8C470062F7CC /* Preview Assets.xcassets in Resources */,
				639B55892CEA8C470062F7CC /* Assets.xcassets in Resources */,
				639B558A2CEA8C470062F7CC /* GoogleService-Info.plist in Resources */,
				63EAFD6C2CED33EF006349CB /* AveriaSansLibre-Bold.ttf in Resources */,
				63EAFD6D2CED33EF006349CB /* AveriaSansLibre-Light.ttf in Resources */,
				63EAFD6E2CED33EF006349CB /* AveriaSansLibre-Regular.ttf in Resources */,
			);
			runOnlyForDeploymentPostprocessing = 0;
		};
		63394DD32CB5E100005517E8 /* Resources */ = {
			isa = PBXResourcesBuildPhase;
			buildActionMask = 2147483647;
			files = (
			);
			runOnlyForDeploymentPostprocessing = 0;
		};
		63394DDD2CB5E100005517E8 /* Resources */ = {
			isa = PBXResourcesBuildPhase;
			buildActionMask = 2147483647;
			files = (
			);
			runOnlyForDeploymentPostprocessing = 0;
		};
/* End PBXResourcesBuildPhase section */

/* Begin PBXShellScriptBuildPhase section */
		639B55B32CEAA5EF0062F7CC /* ShellScript */ = {
			isa = PBXShellScriptBuildPhase;
			alwaysOutOfDate = 1;
			buildActionMask = 2147483647;
			files = (
			);
			inputFileListPaths = (
			);
			inputPaths = (
			);
			outputFileListPaths = (
			);
			outputPaths = (
			);
			runOnlyForDeploymentPostprocessing = 0;
			shellPath = /bin/sh;
			shellScript = "# Type a script or drag a script file from your workspace to insert its path.\nif command -v swiftlint >/dev/null 2>&1\nthen\n    swiftlint\nelse\n    echo \"warning: `swiftlint` command not found - See https://github.com/realm/SwiftLint#installation for installation instructions.\"\nfi\n";
		};
/* End PBXShellScriptBuildPhase section */

/* Begin PBXSourcesBuildPhase section */
		63394DC12CB5E0FE005517E8 /* Sources */ = {
			isa = PBXSourcesBuildPhase;
			buildActionMask = 2147483647;
			files = (
				63339DCB2CFB8A93005302B8 /* EventListItem.swift in Sources */,
				63AB4BCC2CF0F48800CD923C /* String+Extension.swift in Sources */,
				633688BA2D0F460E0081CA81 /* GroupsView.swift in Sources */,
				63EAFD712CED3D5D006349CB /* Font+Extensions.swift in Sources */,
				63AB4BCF2CF0FC8F00CD923C /* CustomButtons.swift in Sources */,
				63AB4BDC2CF390DD00CD923C /* AppModel.swift in Sources */,
				633688A82D0D6F030081CA81 /* Chip.swift in Sources */,
				633688E92D1103FD0081CA81 /* UserDataFormViewModel.swift in Sources */,
				63DDB9582D0A514E00C9189E /* Date+Extension.swift in Sources */,
				633688D42D1041E40081CA81 /* GroupFormViewModel.swift in Sources */,
				632EEA042D0B6FA900D12320 /* ExploreViewModel.swift in Sources */,
				63DDB94B2D08405C00C9189E /* EventFormView.swift in Sources */,
				63DDB94C2D08405C00C9189E /* EventDetailView.swift in Sources */,
				63BE7DFF2D118B45006557DF /* ListRowWithButton.swift in Sources */,
				63DDB94D2D08405C00C9189E /* ExploreView.swift in Sources */,
				633688E32D10F14F0081CA81 /* MyAccountView.swift in Sources */,
				63DDB94E2D08405C00C9189E /* AuthenticationView.swift in Sources */,
				63B8725B2CFFBEDB003A6906 /* NoResults.swift in Sources */,
				633688BE2D0F481A0081CA81 /* GroupsViewModel.swift in Sources */,
				633688C72D0F8A0E0081CA81 /* GroupFormView.swift in Sources */,
				6373493C2D0C67D8000FD3FE /* CategoryRow.swift in Sources */,
				639B558B2CEA8C470062F7CC /* ContentView.swift in Sources */,
				63AB4BD32CF31F2900CD923C /* ErrorMessage.swift in Sources */,
				63AB4BD12CF3184D00CD923C /* FieldModifier.swift in Sources */,
				633688D02D0F91AF0081CA81 /* GroupDetailsViewModel.swift in Sources */,
				633688C02D0F52DC0081CA81 /* GroupEventsView.swift in Sources */,
				63AB4BD62CF327EE00CD923C /* AuthenticationViewModel.swift in Sources */,
				633688CE2D0F90480081CA81 /* UserData.swift in Sources */,
				637349372D0C5756000FD3FE /* ExploreFiltersView.swift in Sources */,
				636E0ECB2CFE2061005F6779 /* ExploreNavigationBar.swift in Sources */,
				639B558C2CEA8C470062F7CC /* EventualmenteApp.swift in Sources */,
				633688BC2D0F46C00081CA81 /* PrivateGroup.swift in Sources */,
				63EA4E782CFC96DF00E9842A /* Category.swift in Sources */,
				633688E72D10FB310081CA81 /* UserDataFormView.swift in Sources */,
				632EEA092D0BA89B00D12320 /* EventFormViewModel.swift in Sources */,
				63AB4BD82CF32E0500CD923C /* Logger+Extension.swift in Sources */,
				632EEA062D0B9A3600D12320 /* ExploreBottomToolbar.swift in Sources */,
				63339DCE2CFB8DFC005302B8 /* Event.swift in Sources */,
				633688AB2D0EED4C0081CA81 /* EventDetailViewModel.swift in Sources */,
				633688CC2D0F8F310081CA81 /* GroupDetailsView.swift in Sources */,
			);
			runOnlyForDeploymentPostprocessing = 0;
		};
		63394DD12CB5E100005517E8 /* Sources */ = {
			isa = PBXSourcesBuildPhase;
			buildActionMask = 2147483647;
			files = (
			);
			runOnlyForDeploymentPostprocessing = 0;
		};
		63394DDB2CB5E100005517E8 /* Sources */ = {
			isa = PBXSourcesBuildPhase;
			buildActionMask = 2147483647;
			files = (
			);
			runOnlyForDeploymentPostprocessing = 0;
		};
/* End PBXSourcesBuildPhase section */

/* Begin PBXTargetDependency section */
		63394DD72CB5E100005517E8 /* PBXTargetDependency */ = {
			isa = PBXTargetDependency;
			target = 63394DC42CB5E0FE005517E8 /* Eventualmente */;
			targetProxy = 63394DD62CB5E100005517E8 /* PBXContainerItemProxy */;
		};
		63394DE12CB5E100005517E8 /* PBXTargetDependency */ = {
			isa = PBXTargetDependency;
			target = 63394DC42CB5E0FE005517E8 /* Eventualmente */;
			targetProxy = 63394DE02CB5E100005517E8 /* PBXContainerItemProxy */;
		};
/* End PBXTargetDependency section */

/* Begin XCBuildConfiguration section */
		63394DE72CB5E100005517E8 /* Debug */ = {
			isa = XCBuildConfiguration;
			buildSettings = {
				ALWAYS_SEARCH_USER_PATHS = NO;
				ASSETCATALOG_COMPILER_GENERATE_SWIFT_ASSET_SYMBOL_EXTENSIONS = YES;
				CLANG_ANALYZER_NONNULL = YES;
				CLANG_ANALYZER_NUMBER_OBJECT_CONVERSION = YES_AGGRESSIVE;
				CLANG_CXX_LANGUAGE_STANDARD = "gnu++20";
				CLANG_ENABLE_MODULES = YES;
				CLANG_ENABLE_OBJC_ARC = YES;
				CLANG_ENABLE_OBJC_WEAK = YES;
				CLANG_WARN_BLOCK_CAPTURE_AUTORELEASING = YES;
				CLANG_WARN_BOOL_CONVERSION = YES;
				CLANG_WARN_COMMA = YES;
				CLANG_WARN_CONSTANT_CONVERSION = YES;
				CLANG_WARN_DEPRECATED_OBJC_IMPLEMENTATIONS = YES;
				CLANG_WARN_DIRECT_OBJC_ISA_USAGE = YES_ERROR;
				CLANG_WARN_DOCUMENTATION_COMMENTS = YES;
				CLANG_WARN_EMPTY_BODY = YES;
				CLANG_WARN_ENUM_CONVERSION = YES;
				CLANG_WARN_INFINITE_RECURSION = YES;
				CLANG_WARN_INT_CONVERSION = YES;
				CLANG_WARN_NON_LITERAL_NULL_CONVERSION = YES;
				CLANG_WARN_OBJC_IMPLICIT_RETAIN_SELF = YES;
				CLANG_WARN_OBJC_LITERAL_CONVERSION = YES;
				CLANG_WARN_OBJC_ROOT_CLASS = YES_ERROR;
				CLANG_WARN_QUOTED_INCLUDE_IN_FRAMEWORK_HEADER = YES;
				CLANG_WARN_RANGE_LOOP_ANALYSIS = YES;
				CLANG_WARN_STRICT_PROTOTYPES = YES;
				CLANG_WARN_SUSPICIOUS_MOVE = YES;
				CLANG_WARN_UNGUARDED_AVAILABILITY = YES_AGGRESSIVE;
				CLANG_WARN_UNREACHABLE_CODE = YES;
				CLANG_WARN__DUPLICATE_METHOD_MATCH = YES;
				COPY_PHASE_STRIP = NO;
				DEBUG_INFORMATION_FORMAT = dwarf;
				ENABLE_STRICT_OBJC_MSGSEND = YES;
				ENABLE_TESTABILITY = YES;
				ENABLE_USER_SCRIPT_SANDBOXING = YES;
				GCC_C_LANGUAGE_STANDARD = gnu17;
				GCC_DYNAMIC_NO_PIC = NO;
				GCC_NO_COMMON_BLOCKS = YES;
				GCC_OPTIMIZATION_LEVEL = 0;
				GCC_PREPROCESSOR_DEFINITIONS = (
					"DEBUG=1",
					"$(inherited)",
				);
				GCC_WARN_64_TO_32_BIT_CONVERSION = YES;
				GCC_WARN_ABOUT_RETURN_TYPE = YES_ERROR;
				GCC_WARN_UNDECLARED_SELECTOR = YES;
				GCC_WARN_UNINITIALIZED_AUTOS = YES_AGGRESSIVE;
				GCC_WARN_UNUSED_FUNCTION = YES;
				GCC_WARN_UNUSED_VARIABLE = YES;
				IPHONEOS_DEPLOYMENT_TARGET = 17.6;
				LOCALIZATION_PREFERS_STRING_CATALOGS = YES;
				MTL_ENABLE_DEBUG_INFO = INCLUDE_SOURCE;
				MTL_FAST_MATH = YES;
				ONLY_ACTIVE_ARCH = YES;
				SDKROOT = iphoneos;
				SWIFT_ACTIVE_COMPILATION_CONDITIONS = "DEBUG $(inherited)";
				SWIFT_OPTIMIZATION_LEVEL = "-Onone";
			};
			name = Debug;
		};
		63394DE82CB5E100005517E8 /* Release */ = {
			isa = XCBuildConfiguration;
			buildSettings = {
				ALWAYS_SEARCH_USER_PATHS = NO;
				ASSETCATALOG_COMPILER_GENERATE_SWIFT_ASSET_SYMBOL_EXTENSIONS = YES;
				CLANG_ANALYZER_NONNULL = YES;
				CLANG_ANALYZER_NUMBER_OBJECT_CONVERSION = YES_AGGRESSIVE;
				CLANG_CXX_LANGUAGE_STANDARD = "gnu++20";
				CLANG_ENABLE_MODULES = YES;
				CLANG_ENABLE_OBJC_ARC = YES;
				CLANG_ENABLE_OBJC_WEAK = YES;
				CLANG_WARN_BLOCK_CAPTURE_AUTORELEASING = YES;
				CLANG_WARN_BOOL_CONVERSION = YES;
				CLANG_WARN_COMMA = YES;
				CLANG_WARN_CONSTANT_CONVERSION = YES;
				CLANG_WARN_DEPRECATED_OBJC_IMPLEMENTATIONS = YES;
				CLANG_WARN_DIRECT_OBJC_ISA_USAGE = YES_ERROR;
				CLANG_WARN_DOCUMENTATION_COMMENTS = YES;
				CLANG_WARN_EMPTY_BODY = YES;
				CLANG_WARN_ENUM_CONVERSION = YES;
				CLANG_WARN_INFINITE_RECURSION = YES;
				CLANG_WARN_INT_CONVERSION = YES;
				CLANG_WARN_NON_LITERAL_NULL_CONVERSION = YES;
				CLANG_WARN_OBJC_IMPLICIT_RETAIN_SELF = YES;
				CLANG_WARN_OBJC_LITERAL_CONVERSION = YES;
				CLANG_WARN_OBJC_ROOT_CLASS = YES_ERROR;
				CLANG_WARN_QUOTED_INCLUDE_IN_FRAMEWORK_HEADER = YES;
				CLANG_WARN_RANGE_LOOP_ANALYSIS = YES;
				CLANG_WARN_STRICT_PROTOTYPES = YES;
				CLANG_WARN_SUSPICIOUS_MOVE = YES;
				CLANG_WARN_UNGUARDED_AVAILABILITY = YES_AGGRESSIVE;
				CLANG_WARN_UNREACHABLE_CODE = YES;
				CLANG_WARN__DUPLICATE_METHOD_MATCH = YES;
				COPY_PHASE_STRIP = NO;
				DEBUG_INFORMATION_FORMAT = "dwarf-with-dsym";
				ENABLE_NS_ASSERTIONS = NO;
				ENABLE_STRICT_OBJC_MSGSEND = YES;
				ENABLE_USER_SCRIPT_SANDBOXING = YES;
				GCC_C_LANGUAGE_STANDARD = gnu17;
				GCC_NO_COMMON_BLOCKS = YES;
				GCC_WARN_64_TO_32_BIT_CONVERSION = YES;
				GCC_WARN_ABOUT_RETURN_TYPE = YES_ERROR;
				GCC_WARN_UNDECLARED_SELECTOR = YES;
				GCC_WARN_UNINITIALIZED_AUTOS = YES_AGGRESSIVE;
				GCC_WARN_UNUSED_FUNCTION = YES;
				GCC_WARN_UNUSED_VARIABLE = YES;
				IPHONEOS_DEPLOYMENT_TARGET = 17.6;
				LOCALIZATION_PREFERS_STRING_CATALOGS = YES;
				MTL_ENABLE_DEBUG_INFO = NO;
				MTL_FAST_MATH = YES;
				SDKROOT = iphoneos;
				SWIFT_COMPILATION_MODE = wholemodule;
				VALIDATE_PRODUCT = YES;
			};
			name = Release;
		};
		63394DEA2CB5E100005517E8 /* Debug */ = {
			isa = XCBuildConfiguration;
			buildSettings = {
				ASSETCATALOG_COMPILER_APPICON_NAME = AppIcon;
				ASSETCATALOG_COMPILER_GLOBAL_ACCENT_COLOR_NAME = AccentColor;
				CODE_SIGN_STYLE = Automatic;
				CURRENT_PROJECT_VERSION = 1;
				DEVELOPMENT_ASSET_PATHS = "\"Eventualmente/Preview Content\"";
				DEVELOPMENT_TEAM = 3VC895YLTY;
				ENABLE_PREVIEWS = YES;
				ENABLE_USER_SCRIPT_SANDBOXING = NO;
				GENERATE_INFOPLIST_FILE = YES;
				INFOPLIST_FILE = Eventualmente/Info.plist;
				INFOPLIST_KEY_UIApplicationSceneManifest_Generation = YES;
				INFOPLIST_KEY_UIApplicationSupportsIndirectInputEvents = YES;
				INFOPLIST_KEY_UILaunchScreen_Generation = YES;
				INFOPLIST_KEY_UISupportedInterfaceOrientations_iPad = "UIInterfaceOrientationPortrait UIInterfaceOrientationPortraitUpsideDown UIInterfaceOrientationLandscapeLeft UIInterfaceOrientationLandscapeRight";
				INFOPLIST_KEY_UISupportedInterfaceOrientations_iPhone = "UIInterfaceOrientationPortrait UIInterfaceOrientationLandscapeLeft UIInterfaceOrientationLandscapeRight";
				IPHONEOS_DEPLOYMENT_TARGET = 17.6;
				LD_RUNPATH_SEARCH_PATHS = (
					"$(inherited)",
					"@executable_path/Frameworks",
				);
				MARKETING_VERSION = 1.0;
				PRODUCT_BUNDLE_IDENTIFIER = com.uoc.eventualmente;
				PRODUCT_NAME = "$(TARGET_NAME)";
				SWIFT_EMIT_LOC_STRINGS = YES;
				SWIFT_VERSION = 6.0;
				TARGETED_DEVICE_FAMILY = "1,2";
			};
			name = Debug;
		};
		63394DEB2CB5E100005517E8 /* Release */ = {
			isa = XCBuildConfiguration;
			buildSettings = {
				ASSETCATALOG_COMPILER_APPICON_NAME = AppIcon;
				ASSETCATALOG_COMPILER_GLOBAL_ACCENT_COLOR_NAME = AccentColor;
				CODE_SIGN_STYLE = Automatic;
				CURRENT_PROJECT_VERSION = 1;
				DEVELOPMENT_ASSET_PATHS = "\"Eventualmente/Preview Content\"";
				DEVELOPMENT_TEAM = 3VC895YLTY;
				ENABLE_PREVIEWS = YES;
				ENABLE_USER_SCRIPT_SANDBOXING = NO;
				GENERATE_INFOPLIST_FILE = YES;
				INFOPLIST_FILE = Eventualmente/Info.plist;
				INFOPLIST_KEY_UIApplicationSceneManifest_Generation = YES;
				INFOPLIST_KEY_UIApplicationSupportsIndirectInputEvents = YES;
				INFOPLIST_KEY_UILaunchScreen_Generation = YES;
				INFOPLIST_KEY_UISupportedInterfaceOrientations_iPad = "UIInterfaceOrientationPortrait UIInterfaceOrientationPortraitUpsideDown UIInterfaceOrientationLandscapeLeft UIInterfaceOrientationLandscapeRight";
				INFOPLIST_KEY_UISupportedInterfaceOrientations_iPhone = "UIInterfaceOrientationPortrait UIInterfaceOrientationLandscapeLeft UIInterfaceOrientationLandscapeRight";
				IPHONEOS_DEPLOYMENT_TARGET = 17.6;
				LD_RUNPATH_SEARCH_PATHS = (
					"$(inherited)",
					"@executable_path/Frameworks",
				);
				MARKETING_VERSION = 1.0;
				PRODUCT_BUNDLE_IDENTIFIER = com.uoc.eventualmente;
				PRODUCT_NAME = "$(TARGET_NAME)";
				SWIFT_EMIT_LOC_STRINGS = YES;
				SWIFT_VERSION = 6.0;
				TARGETED_DEVICE_FAMILY = "1,2";
			};
			name = Release;
		};
		63394DED2CB5E100005517E8 /* Debug */ = {
			isa = XCBuildConfiguration;
			buildSettings = {
				BUNDLE_LOADER = "$(TEST_HOST)";
				CODE_SIGN_STYLE = Automatic;
				CURRENT_PROJECT_VERSION = 1;
				DEVELOPMENT_TEAM = 3VC895YLTY;
				GENERATE_INFOPLIST_FILE = YES;
				IPHONEOS_DEPLOYMENT_TARGET = 18.0;
				MARKETING_VERSION = 1.0;
				PRODUCT_BUNDLE_IDENTIFIER = com.uoc.EventualmenteTests;
				PRODUCT_NAME = "$(TARGET_NAME)";
				SWIFT_EMIT_LOC_STRINGS = NO;
				SWIFT_VERSION = 5.0;
				TARGETED_DEVICE_FAMILY = "1,2";
				TEST_HOST = "$(BUILT_PRODUCTS_DIR)/Eventualmente.app/$(BUNDLE_EXECUTABLE_FOLDER_PATH)/Eventualmente";
			};
			name = Debug;
		};
		63394DEE2CB5E100005517E8 /* Release */ = {
			isa = XCBuildConfiguration;
			buildSettings = {
				BUNDLE_LOADER = "$(TEST_HOST)";
				CODE_SIGN_STYLE = Automatic;
				CURRENT_PROJECT_VERSION = 1;
				DEVELOPMENT_TEAM = 3VC895YLTY;
				GENERATE_INFOPLIST_FILE = YES;
				IPHONEOS_DEPLOYMENT_TARGET = 18.0;
				MARKETING_VERSION = 1.0;
				PRODUCT_BUNDLE_IDENTIFIER = com.uoc.EventualmenteTests;
				PRODUCT_NAME = "$(TARGET_NAME)";
				SWIFT_EMIT_LOC_STRINGS = NO;
				SWIFT_VERSION = 5.0;
				TARGETED_DEVICE_FAMILY = "1,2";
				TEST_HOST = "$(BUILT_PRODUCTS_DIR)/Eventualmente.app/$(BUNDLE_EXECUTABLE_FOLDER_PATH)/Eventualmente";
			};
			name = Release;
		};
		63394DF02CB5E100005517E8 /* Debug */ = {
			isa = XCBuildConfiguration;
			buildSettings = {
				CODE_SIGN_STYLE = Automatic;
				CURRENT_PROJECT_VERSION = 1;
				DEVELOPMENT_TEAM = 3VC895YLTY;
				GENERATE_INFOPLIST_FILE = YES;
				MARKETING_VERSION = 1.0;
				PRODUCT_BUNDLE_IDENTIFIER = com.uoc.EventualmenteUITests;
				PRODUCT_NAME = "$(TARGET_NAME)";
				SWIFT_EMIT_LOC_STRINGS = NO;
				SWIFT_VERSION = 5.0;
				TARGETED_DEVICE_FAMILY = "1,2";
				TEST_TARGET_NAME = Eventualmente;
			};
			name = Debug;
		};
		63394DF12CB5E100005517E8 /* Release */ = {
			isa = XCBuildConfiguration;
			buildSettings = {
				CODE_SIGN_STYLE = Automatic;
				CURRENT_PROJECT_VERSION = 1;
				DEVELOPMENT_TEAM = 3VC895YLTY;
				GENERATE_INFOPLIST_FILE = YES;
				MARKETING_VERSION = 1.0;
				PRODUCT_BUNDLE_IDENTIFIER = com.uoc.EventualmenteUITests;
				PRODUCT_NAME = "$(TARGET_NAME)";
				SWIFT_EMIT_LOC_STRINGS = NO;
				SWIFT_VERSION = 5.0;
				TARGETED_DEVICE_FAMILY = "1,2";
				TEST_TARGET_NAME = Eventualmente;
			};
			name = Release;
		};
/* End XCBuildConfiguration section */

/* Begin XCConfigurationList section */
		63394DC02CB5E0FE005517E8 /* Build configuration list for PBXProject "Eventualmente" */ = {
			isa = XCConfigurationList;
			buildConfigurations = (
				63394DE72CB5E100005517E8 /* Debug */,
				63394DE82CB5E100005517E8 /* Release */,
			);
			defaultConfigurationIsVisible = 0;
			defaultConfigurationName = Release;
		};
		63394DE92CB5E100005517E8 /* Build configuration list for PBXNativeTarget "Eventualmente" */ = {
			isa = XCConfigurationList;
			buildConfigurations = (
				63394DEA2CB5E100005517E8 /* Debug */,
				63394DEB2CB5E100005517E8 /* Release */,
			);
			defaultConfigurationIsVisible = 0;
			defaultConfigurationName = Release;
		};
		63394DEC2CB5E100005517E8 /* Build configuration list for PBXNativeTarget "EventualmenteTests" */ = {
			isa = XCConfigurationList;
			buildConfigurations = (
				63394DED2CB5E100005517E8 /* Debug */,
				63394DEE2CB5E100005517E8 /* Release */,
			);
			defaultConfigurationIsVisible = 0;
			defaultConfigurationName = Release;
		};
		63394DEF2CB5E100005517E8 /* Build configuration list for PBXNativeTarget "EventualmenteUITests" */ = {
			isa = XCConfigurationList;
			buildConfigurations = (
				63394DF02CB5E100005517E8 /* Debug */,
				63394DF12CB5E100005517E8 /* Release */,
			);
			defaultConfigurationIsVisible = 0;
			defaultConfigurationName = Release;
		};
/* End XCConfigurationList section */

/* Begin XCRemoteSwiftPackageReference section */
		63CE8B322CE53E630089BC39 /* XCRemoteSwiftPackageReference "firebase-ios-sdk" */ = {
			isa = XCRemoteSwiftPackageReference;
			repositoryURL = "https://github.com/firebase/firebase-ios-sdk";
			requirement = {
				kind = upToNextMajorVersion;
				minimumVersion = 11.5.0;
			};
		};
		63DDB9532D084A1300C9189E /* XCRemoteSwiftPackageReference "CalendarView" */ = {
			isa = XCRemoteSwiftPackageReference;
			repositoryURL = "https://github.com/AllanJuenemann/CalendarView";
			requirement = {
				kind = upToNextMajorVersion;
				minimumVersion = 2.1.2;
			};
		};
/* End XCRemoteSwiftPackageReference section */

/* Begin XCSwiftPackageProductDependency section */
		63CE8B352CE53E630089BC39 /* FirebaseAuth */ = {
			isa = XCSwiftPackageProductDependency;
			package = 63CE8B322CE53E630089BC39 /* XCRemoteSwiftPackageReference "firebase-ios-sdk" */;
			productName = FirebaseAuth;
		};
		63CE8B372CE53E630089BC39 /* FirebaseFirestore */ = {
			isa = XCSwiftPackageProductDependency;
			package = 63CE8B322CE53E630089BC39 /* XCRemoteSwiftPackageReference "firebase-ios-sdk" */;
			productName = FirebaseFirestore;
		};
		63DDB9552D084AF700C9189E /* CalendarView */ = {
			isa = XCSwiftPackageProductDependency;
			package = 63DDB9532D084A1300C9189E /* XCRemoteSwiftPackageReference "CalendarView" */;
			productName = CalendarView;
		};
/* End XCSwiftPackageProductDependency section */
	};
	rootObject = 63394DBD2CB5E0FE005517E8 /* Project object */;
}
